
Microsoft Visual Studio Solution File, Format Version 12.00
# Visual Studio Version 17
VisualStudioVersion = 17.11.35327.3
MinimumVisualStudioVersion = 10.0.40219.1
Project("{9A19103F-16F7-4668-BE54-9A1E7A4F7556}") = "DW.Central.API", "DW.Central.API\DW.Central.API.csproj", "{81107F12-3551-4180-85A7-6A60DD254A69}"
EndProject
Global
	GlobalSection(SolutionConfigurationPlatforms) = preSolution
		Debug|Any CPU = Debug|Any CPU
		Release|Any CPU = Release|Any CPU
	EndGlobalSection
	GlobalSection(ProjectConfigurationPlatforms) = postSolution
		{81107F12-3551-4180-85A7-6A60DD254A69}.Debug|Any CPU.ActiveCfg = Debug|Any CPU
		{81107F12-3551-4180-85A7-6A60DD254A69}.Debug|Any CPU.Build.0 = Debug|Any CPU
		{81107F12-3551-4180-85A7-6A60DD254A69}.Release|Any CPU.ActiveCfg = Release|Any CPU
		{81107F12-3551-4180-85A7-6A60DD254A69}.Release|Any CPU.Build.0 = Release|Any CPU
	EndGlobalSection
	GlobalSection(SolutionProperties) = preSolution
		HideSolutionNode = FALSE
	EndGlobalSection
	GlobalSection(ExtensibilityGlobals) = postSolution
		SolutionGuid = {18A377E8-A9D9-4A8E-B2E6-C014F49DCCF2}
	EndGlobalSection
EndGlobal
